{
  "name": "audio-buffer",
  "version": "6.0.0",
  "lockfileVersion": 2,
  "requires": true,
  "packages": {
    "": {
      "name": "audio-buffer",
      "version": "6.0.0",
      "license": "MIT",
      "devDependencies": {
        "tst": "^9.2.2"
      }
    },
    "node_modules/tst": {
      "version": "9.2.2",
      "resolved": "https://registry.npmjs.org/tst/-/tst-9.2.2.tgz",
      "integrity": "sha512-K7+t03srZbpP5XklbCqdhrvITlDb6yC54vrhblJQSld7YD8ixHU33HxTBxjhLE6KR0+enmXoc1cMokYwebDJ5w==",
      "dev": true,
      "license": "MIT"
    }
  },
  "dependencies": {
    "tst": {
      "version": "9.2.2",
      "resolved": "https://registry.npmjs.org/tst/-/tst-9.2.2.tgz",
      "integrity": "sha512-K7+t03srZbpP5XklbCqdhrvITlDb6yC54vrhblJQSld7YD8ixHU33HxTBxjhLE6KR0+enmXoc1cMokYwebDJ5w==",
      "dev": true
    }
  }
}
